
Microsoft Visual Studio Solution File, Format Version 12.00
# Visual Studio Version 17
VisualStudioVersion = 17.4.33110.190
MinimumVisualStudioVersion = 10.0.40219.1
Project("{FAE04EC0-301F-11D3-BF4B-00C04F79EFBC}") = "day01", "day01\day01.csproj", "{164CC87A-89B5-42A8-A963-2D98AD91C6E7}"
EndProject
Global
	GlobalSection(SolutionConfigurationPlatforms) = preSolution
		Debug|Any CPU = Debug|Any CPU
		Release|Any CPU = Release|Any CPU
	EndGlobalSection
	GlobalSection(ProjectConfigurationPlatforms) = postSolution
		{164CC87A-89B5-42A8-A963-2D98AD91C6E7}.Debug|Any CPU.ActiveCfg = Debug|Any CPU
		{164CC87A-89B5-42A8-A963-2D98AD91C6E7}.Debug|Any CPU.Build.0 = Debug|Any CPU
		{164CC87A-89B5-42A8-A963-2D98AD91C6E7}.Release|Any CPU.ActiveCfg = Release|Any CPU
		{164CC87A-89B5-42A8-A963-2D98AD91C6E7}.Release|Any CPU.Build.0 = Release|Any CPU
	EndGlobalSection
	GlobalSection(SolutionProperties) = preSolution
		HideSolutionNode = FALSE
	EndGlobalSection
	GlobalSection(ExtensibilityGlobals) = postSolution
		SolutionGuid = {81B40F94-015D-4F3B-92EF-4BACB3CE8A15}
	EndGlobalSection
EndGlobal
